{
    "version": 3,
    "terraform_version": "0.11.7",
    "serial": 4,
    "lineage": "c5896ef1-6000-b224-927c-5548c857b4cc",
    "modules": [
        {
            "path": [
                "root"
            ],
            "outputs": {
                "public_dns": {
                    "sensitive": false,
                    "type": "string",
                    "value": "ec2-34-241-8-26.eu-west-1.compute.amazonaws.com"
                }
            },
            "resources": {
                "aws_instance.dokku": {
                    "type": "aws_instance",
                    "depends_on": [
                        "aws_key_pair.dokku_key",
                        "aws_security_group.dokku_sg",
                        "data.aws_ami.ubuntu"
                    ],
                    "primary": {
                        "id": "i-0874d27662a2ca730",
                        "attributes": {
                            "ami": "ami-58d7e821",
                            "associate_public_ip_address": "true",
                            "availability_zone": "eu-west-1a",
                            "credit_specification.#": "1",
                            "credit_specification.0.cpu_credits": "standard",
                            "disable_api_termination": "false",
                            "ebs_block_device.#": "0",
                            "ebs_optimized": "false",
                            "ephemeral_block_device.#": "0",
                            "get_password_data": "false",
                            "iam_instance_profile": "",
                            "id": "i-0874d27662a2ca730",
                            "instance_state": "running",
                            "instance_type": "t2.micro",
                            "ipv6_addresses.#": "0",
                            "key_name": "dokku_key",
                            "monitoring": "false",
                            "network_interface.#": "0",
                            "network_interface_id": "eni-7cbc205f",
                            "password_data": "",
                            "placement_group": "",
                            "primary_network_interface_id": "eni-7cbc205f",
                            "private_dns": "ip-172-31-2-202.eu-west-1.compute.internal",
                            "private_ip": "172.31.2.202",
                            "public_dns": "ec2-34-241-8-26.eu-west-1.compute.amazonaws.com",
                            "public_ip": "34.241.8.26",
                            "root_block_device.#": "1",
                            "root_block_device.0.delete_on_termination": "true",
                            "root_block_device.0.iops": "100",
                            "root_block_device.0.volume_id": "vol-01f9ee2fc7bf22887",
                            "root_block_device.0.volume_size": "8",
                            "root_block_device.0.volume_type": "gp2",
                            "security_groups.#": "1",
                            "security_groups.745083660": "dokku_sg",
                            "source_dest_check": "true",
                            "subnet_id": "subnet-97c752f3",
                            "tags.%": "1",
                            "tags.App": "Dokku",
                            "tenancy": "default",
                            "user_data": "855fc0849ed2b90afe4875142c67ed76c37da38a",
                            "volume_tags.%": "0",
                            "vpc_security_group_ids.#": "1",
                            "vpc_security_group_ids.2542860171": "sg-2764125a"
                        },
                        "meta": {
                            "e2bfb730-ecaa-11e6-8f88-34363bc7c4c0": {
                                "create": 600000000000,
                                "delete": 1200000000000,
                                "update": 600000000000
                            },
                            "schema_version": "1"
                        },
                        "tainted": false
                    },
                    "deposed": [],
                    "provider": "provider.aws"
                },
                "aws_key_pair.dokku_key": {
                    "type": "aws_key_pair",
                    "depends_on": [],
                    "primary": {
                        "id": "dokku_key",
                        "attributes": {
                            "fingerprint": "3d:f4:dc:fd:f4:aa:90:e0:e2:fc:0b:54:96:cc:5e:81",
                            "id": "dokku_key",
                            "key_name": "dokku_key",
                            "public_key": "ssh-rsa AAAAB3NzaC1yc2EAAAADAQABAAABAQCqQ0ETCkdlGnggQ0pZ+e0hPPGB6l2ryAKKrS3Go7Gpepr1GNBkeQY0gr49RdJnpzeHNKOpZ6nm6dLp4qUlulrz95p5ls6tHujg9ezAzK8zZtGcB8LgqAf2PdLnF+ov+dgcQHhnJOwEUn5yQ1CaXk5v5y/pI0hrX+I4RMYhOXLV1ihhZCobu2fvcrhNcI7qPrrambGS1DqXWHqyKbaatrGgWVnL8i84QHVrzTeFE0OBqrTzrp5X0wdV5PyS/tXqpoflkiGLXHl7TUjaWWrgH5MC90V6GsDGLaKtQlTbkUnLQRcXldY2U/vMrWscC+iivZBdqQnIsuUw/WZd3Ck9joAb aws_terraform_ssh_key"
                        },
                        "meta": {
                            "schema_version": "1"
                        },
                        "tainted": false
                    },
                    "deposed": [],
                    "provider": "provider.aws"
                },
                "aws_security_group.dokku_sg": {
                    "type": "aws_security_group",
                    "depends_on": [],
                    "primary": {
                        "id": "sg-2764125a",
                        "attributes": {
                            "arn": "arn:aws:ec2:eu-west-1:908851964736:security-group/sg-2764125a",
                            "description": "Managed by Terraform",
                            "egress.#": "1",
                            "egress.482069346.cidr_blocks.#": "1",
                            "egress.482069346.cidr_blocks.0": "0.0.0.0/0",
                            "egress.482069346.description": "",
                            "egress.482069346.from_port": "0",
                            "egress.482069346.ipv6_cidr_blocks.#": "0",
                            "egress.482069346.prefix_list_ids.#": "0",
                            "egress.482069346.protocol": "-1",
                            "egress.482069346.security_groups.#": "0",
                            "egress.482069346.self": "false",
                            "egress.482069346.to_port": "0",
                            "id": "sg-2764125a",
                            "ingress.#": "2",
                            "ingress.1994621032.cidr_blocks.#": "1",
                            "ingress.1994621032.cidr_blocks.0": "0.0.0.0/0",
                            "ingress.1994621032.description": "",
                            "ingress.1994621032.from_port": "3000",
                            "ingress.1994621032.ipv6_cidr_blocks.#": "0",
                            "ingress.1994621032.protocol": "tcp",
                            "ingress.1994621032.security_groups.#": "0",
                            "ingress.1994621032.self": "false",
                            "ingress.1994621032.to_port": "3000",
                            "ingress.2541437006.cidr_blocks.#": "1",
                            "ingress.2541437006.cidr_blocks.0": "0.0.0.0/0",
                            "ingress.2541437006.description": "",
                            "ingress.2541437006.from_port": "22",
                            "ingress.2541437006.ipv6_cidr_blocks.#": "0",
                            "ingress.2541437006.protocol": "tcp",
                            "ingress.2541437006.security_groups.#": "0",
                            "ingress.2541437006.self": "false",
                            "ingress.2541437006.to_port": "22",
                            "name": "dokku_sg",
                            "owner_id": "908851964736",
                            "revoke_rules_on_delete": "false",
                            "tags.%": "0",
                            "vpc_id": "vpc-59ba133d"
                        },
                        "meta": {
                            "e2bfb730-ecaa-11e6-8f88-34363bc7c4c0": {
                                "create": 600000000000,
                                "delete": 600000000000
                            },
                            "schema_version": "1"
                        },
                        "tainted": false
                    },
                    "deposed": [],
                    "provider": "provider.aws"
                },
                "data.aws_ami.ubuntu": {
                    "type": "aws_ami",
                    "depends_on": [],
                    "primary": {
                        "id": "ami-58d7e821",
                        "attributes": {
                            "architecture": "x86_64",
                            "block_device_mappings.#": "3",
                            "block_device_mappings.1634610537.device_name": "/dev/sdb",
                            "block_device_mappings.1634610537.ebs.%": "0",
                            "block_device_mappings.1634610537.no_device": "",
                            "block_device_mappings.1634610537.virtual_name": "ephemeral0",
                            "block_device_mappings.2547816212.device_name": "/dev/sda1",
                            "block_device_mappings.2547816212.ebs.%": "6",
                            "block_device_mappings.2547816212.ebs.delete_on_termination": "true",
                            "block_device_mappings.2547816212.ebs.encrypted": "false",
                            "block_device_mappings.2547816212.ebs.iops": "0",
                            "block_device_mappings.2547816212.ebs.snapshot_id": "snap-0601b3e23a0d941d6",
                            "block_device_mappings.2547816212.ebs.volume_size": "8",
                            "block_device_mappings.2547816212.ebs.volume_type": "gp2",
                            "block_device_mappings.2547816212.no_device": "",
                            "block_device_mappings.2547816212.virtual_name": "",
                            "block_device_mappings.3850042718.device_name": "/dev/sdc",
                            "block_device_mappings.3850042718.ebs.%": "0",
                            "block_device_mappings.3850042718.no_device": "",
                            "block_device_mappings.3850042718.virtual_name": "ephemeral1",
                            "creation_date": "2018-05-22T18:52:08.000Z",
                            "description": "Canonical, Ubuntu, 16.04 LTS, amd64 xenial image build on 2018-05-22",
                            "filter.#": "2",
                            "filter.2591632680.name": "name",
                            "filter.2591632680.values.#": "1",
                            "filter.2591632680.values.0": "*ubuntu*16.04-amd64*",
                            "filter.490168357.name": "virtualization-type",
                            "filter.490168357.values.#": "1",
                            "filter.490168357.values.0": "hvm",
                            "hypervisor": "xen",
                            "id": "ami-58d7e821",
                            "image_id": "ami-58d7e821",
                            "image_location": "099720109477/ubuntu/images/hvm-ssd/ubuntu-xenial-16.04-amd64-server-20180522",
                            "image_type": "machine",
                            "most_recent": "true",
                            "name": "ubuntu/images/hvm-ssd/ubuntu-xenial-16.04-amd64-server-20180522",
                            "owner_id": "099720109477",
                            "owners.#": "1",
                            "owners.0": "099720109477",
                            "product_codes.#": "0",
                            "public": "true",
                            "root_device_name": "/dev/sda1",
                            "root_device_type": "ebs",
                            "root_snapshot_id": "snap-0601b3e23a0d941d6",
                            "sriov_net_support": "simple",
                            "state": "available",
                            "state_reason.%": "2",
                            "state_reason.code": "UNSET",
                            "state_reason.message": "UNSET",
                            "tags.%": "0",
                            "virtualization_type": "hvm"
                        },
                        "meta": {},
                        "tainted": false
                    },
                    "deposed": [],
                    "provider": "provider.aws"
                }
            },
            "depends_on": []
        }
    ]
}
